
Microsoft Visual Studio Solution File, Format Version 12.00
# Visual Studio Version 16
VisualStudioVersion = 16.0.31729.503
MinimumVisualStudioVersion = 10.0.40219.1
Project("{FAE04EC0-301F-11D3-BF4B-00C04F79EFBC}") = "T2-Elevador", "T2-Elevador\T2-Elevador.csproj", "{BDBE37CF-4D69-44E1-9ADA-E5FB324A5F69}"
EndProject
Global
	GlobalSection(SolutionConfigurationPlatforms) = preSolution
		Debug|Any CPU = Debug|Any CPU
		Release|Any CPU = Release|Any CPU
	EndGlobalSection
	GlobalSection(ProjectConfigurationPlatforms) = postSolution
		{BDBE37CF-4D69-44E1-9ADA-E5FB324A5F69}.Debug|Any CPU.ActiveCfg = Debug|Any CPU
		{BDBE37CF-4D69-44E1-9ADA-E5FB324A5F69}.Debug|Any CPU.Build.0 = Debug|Any CPU
		{BDBE37CF-4D69-44E1-9ADA-E5FB324A5F69}.Release|Any CPU.ActiveCfg = Release|Any CPU
		{BDBE37CF-4D69-44E1-9ADA-E5FB324A5F69}.Release|Any CPU.Build.0 = Release|Any CPU
	EndGlobalSection
	GlobalSection(SolutionProperties) = preSolution
		HideSolutionNode = FALSE
	EndGlobalSection
	GlobalSection(ExtensibilityGlobals) = postSolution
		SolutionGuid = {96A6EEFB-EF17-4D65-BA48-E6FC99FC1203}
	EndGlobalSection
EndGlobal
